
Microsoft Visual Studio Solution File, Format Version 12.00
# Visual Studio 2013
VisualStudioVersion = 12.0.21005.1
MinimumVisualStudioVersion = 10.0.40219.1
Project("{FAE04EC0-301F-11D3-BF4B-00C04F79EFBC}") = "iBunter", "iBunter\iBunter.csproj", "{62AFB4EB-99DC-4BE6-8B17-DE568BC03BBB}"
EndProject
Global
	GlobalSection(SolutionConfigurationPlatforms) = preSolution
		Debug|Any CPU = Debug|Any CPU
		Release|Any CPU = Release|Any CPU
	EndGlobalSection
	GlobalSection(ProjectConfigurationPlatforms) = postSolution
		{62AFB4EB-99DC-4BE6-8B17-DE568BC03BBB}.Debug|Any CPU.ActiveCfg = Debug|Any CPU
		{62AFB4EB-99DC-4BE6-8B17-DE568BC03BBB}.Debug|Any CPU.Build.0 = Debug|Any CPU
		{62AFB4EB-99DC-4BE6-8B17-DE568BC03BBB}.Release|Any CPU.ActiveCfg = Release|Any CPU
		{62AFB4EB-99DC-4BE6-8B17-DE568BC03BBB}.Release|Any CPU.Build.0 = Release|Any CPU
	EndGlobalSection
	GlobalSection(SolutionProperties) = preSolution
		HideSolutionNode = FALSE
	EndGlobalSection
EndGlobal
